locked by gavin/gavin-desktop PID 31733, on Wed May 22 16:28:28 2019
/home/gavin/codesonar-5.0p0.20180811-x86_64-pc-linux/codesonar-5.0p0/codesonar/bin/codesonar -continue yes -w -conf-file /home/gavin/codesonar-5.0p0.20180811-x86_64-pc-linux/codesonar-5.0p0/codesonar/template.conf -conf-file /home/gavin/redis/redis_test.CSURF_COMPILER_CONF_MARKER -conf-file /home/gavin/redis/redis_test.conf -invoke-compiler no -transparent yes -T/home/gavin/redis/redis_test.prj_files csbuild redis_test /home/gavin/redis/redis_test.prj_files -csurf-load-script /home/gavin/codesonar-5.0p0.20180811-x86_64-pc-linux/codesonar-5.0p0/codesonar/stk/CsonarLoader.stk 
